// !$*UTF8*$!
{
	archiveVersion = 1;
	classes = {
	};
	objectVersion = 55;
	objects = {

/* Begin PBXBuildFile section */
		352ABAA3287816A2005EE074 /* kakaoUItestViewController.swift in Sources */ = {isa = PBXBuildFile; fileRef = 352ABAA2287816A2005EE074 /* kakaoUItestViewController.swift */; };
		35BEDD902874055B00EF4334 /* AppDelegate.swift in Sources */ = {isa = PBXBuildFile; fileRef = 35BEDD8F2874055B00EF4334 /* AppDelegate.swift */; };
		35BEDD922874055B00EF4334 /* SceneDelegate.swift in Sources */ = {isa = PBXBuildFile; fileRef = 35BEDD912874055B00EF4334 /* SceneDelegate.swift */; };
		35BEDD942874055B00EF4334 /* ViewController.swift in Sources */ = {isa = PBXBuildFile; fileRef = 35BEDD932874055B00EF4334 /* ViewController.swift */; };
		35BEDD972874055B00EF4334 /* Main.storyboard in Resources */ = {isa = PBXBuildFile; fileRef = 35BEDD952874055B00EF4334 /* Main.storyboard */; };
		35BEDD992874056000EF4334 /* Assets.xcassets in Resources */ = {isa = PBXBuildFile; fileRef = 35BEDD982874056000EF4334 /* Assets.xcassets */; };
		35BEDD9C2874056000EF4334 /* LaunchScreen.storyboard in Resources */ = {isa = PBXBuildFile; fileRef = 35BEDD9A2874056000EF4334 /* LaunchScreen.storyboard */; };
		35BEDDA8287406FD00EF4334 /* BMHANNAProOTF.otf in Resources */ = {isa = PBXBuildFile; fileRef = 35BEDDA7287406FD00EF4334 /* BMHANNAProOTF.otf */; };
		35FF375C28746C9F00238889 /* baeminMain.swift in Sources */ = {isa = PBXBuildFile; fileRef = 35FF375B28746C9F00238889 /* baeminMain.swift */; };
/* End PBXBuildFile section */

/* Begin PBXFileReference section */
		352ABAA2287816A2005EE074 /* kakaoUItestViewController.swift */ = {isa = PBXFileReference; lastKnownFileType = sourcecode.swift; path = kakaoUItestViewController.swift; sourceTree = "<group>"; };
		35BEDD8C2874055B00EF4334 /* sesacBaemin01.app */ = {isa = PBXFileReference; explicitFileType = wrapper.application; includeInIndex = 0; path = sesacBaemin01.app; sourceTree = BUILT_PRODUCTS_DIR; };
		35BEDD8F2874055B00EF4334 /* AppDelegate.swift */ = {isa = PBXFileReference; lastKnownFileType = sourcecode.swift; path = AppDelegate.swift; sourceTree = "<group>"; };
		35BEDD912874055B00EF4334 /* SceneDelegate.swift */ = {isa = PBXFileReference; lastKnownFileType = sourcecode.swift; path = SceneDelegate.swift; sourceTree = "<group>"; };
		35BEDD932874055B00EF4334 /* ViewController.swift */ = {isa = PBXFileReference; lastKnownFileType = sourcecode.swift; path = ViewController.swift; sourceTree = "<group>"; };
		35BEDD962874055B00EF4334 /* Base */ = {isa = PBXFileReference; lastKnownFileType = file.storyboard; name = Base; path = Base.lproj/Main.storyboard; sourceTree = "<group>"; };
		35BEDD982874056000EF4334 /* Assets.xcassets */ = {isa = PBXFileReference; lastKnownFileType = folder.assetcatalog; path = Assets.xcassets; sourceTree = "<group>"; };
		35BEDD9B2874056000EF4334 /* Base */ = {isa = PBXFileReference; lastKnownFileType = file.storyboard; name = Base; path = Base.lproj/LaunchScreen.storyboard; sourceTree = "<group>"; };
		35BEDD9D2874056000EF4334 /* Info.plist */ = {isa = PBXFileReference; lastKnownFileType = text.plist.xml; path = Info.plist; sourceTree = "<group>"; };
		35BEDDA7287406FD00EF4334 /* BMHANNAProOTF.otf */ = {isa = PBXFileReference; lastKnownFileType = file; name = BMHANNAProOTF.otf; path = ../../../../../Downloads/BMHANNAProOTF.otf; sourceTree = "<group>"; };
		35FF375B28746C9F00238889 /* baeminMain.swift */ = {isa = PBXFileReference; lastKnownFileType = sourcecode.swift; path = baeminMain.swift; sourceTree = "<group>"; tabWidth = 4; };
/* End PBXFileReference section */

/* Begin PBXFrameworksBuildPhase section */
		35BEDD892874055B00EF4334 /* Frameworks */ = {
			isa = PBXFrameworksBuildPhase;
			buildActionMask = 2147483647;
			files = (
			);
			runOnlyForDeploymentPostprocessing = 0;
		};
/* End PBXFrameworksBuildPhase section */

/* Begin PBXGroup section */
		35BEDD832874055B00EF4334 = {
			isa = PBXGroup;
			children = (
				35BEDD8E2874055B00EF4334 /* sesacBaemin01 */,
				35BEDD8D2874055B00EF4334 /* Products */,
			);
			sourceTree = "<group>";
		};
		35BEDD8D2874055B00EF4334 /* Products */ = {
			isa = PBXGroup;
			children = (
				35BEDD8C2874055B00EF4334 /* sesacBaemin01.app */,
			);
			name = Products;
			sourceTree = "<group>";
		};
		35BEDD8E2874055B00EF4334 /* sesacBaemin01 */ = {
			isa = PBXGroup;
			children = (
				35BEDDA6287406BA00EF4334 /* Fonts */,
				35BEDD8F2874055B00EF4334 /* AppDelegate.swift */,
				35BEDD912874055B00EF4334 /* SceneDelegate.swift */,
				35BEDD932874055B00EF4334 /* ViewController.swift */,
				35BEDD952874055B00EF4334 /* Main.storyboard */,
				352ABAA2287816A2005EE074 /* kakaoUItestViewController.swift */,
				35FF375B28746C9F00238889 /* baeminMain.swift */,
				35BEDD982874056000EF4334 /* Assets.xcassets */,
				35BEDD9A2874056000EF4334 /* LaunchScreen.storyboard */,
				35BEDD9D2874056000EF4334 /* Info.plist */,
			);
			path = sesacBaemin01;
			sourceTree = "<group>";
		};
		35BEDDA6287406BA00EF4334 /* Fonts */ = {
			isa = PBXGroup;
			children = (
				35BEDDA7287406FD00EF4334 /* BMHANNAProOTF.otf */,
			);
			path = Fonts;
			sourceTree = "<group>";
		};
/* End PBXGroup section */

/* Begin PBXNativeTarget section */
		35BEDD8B2874055B00EF4334 /* sesacBaemin01 */ = {
			isa = PBXNativeTarget;
			buildConfigurationList = 35BEDDA02874056000EF4334 /* Build configuration list for PBXNativeTarget "sesacBaemin01" */;
			buildPhases = (
				35BEDD882874055B00EF4334 /* Sources */,
				35BEDD892874055B00EF4334 /* Frameworks */,
				35BEDD8A2874055B00EF4334 /* Resources */,
			);
			buildRules = (
			);
			dependencies = (
			);
			name = sesacBaemin01;
			productName = sesacBaemin01;
			productReference = 35BEDD8C2874055B00EF4334 /* sesacBaemin01.app */;
			productType = "com.apple.product-type.application";
		};
/* End PBXNativeTarget section */

/* Begin PBXProject section */
		35BEDD842874055B00EF4334 /* Project object */ = {
			isa = PBXProject;
			attributes = {
				BuildIndependentTargetsInParallel = 1;
				LastSwiftUpdateCheck = 1340;
				LastUpgradeCheck = 1340;
				TargetAttributes = {
					35BEDD8B2874055B00EF4334 = {
						CreatedOnToolsVersion = 13.4.1;
					};
				};
			};
			buildConfigurationList = 35BEDD872874055B00EF4334 /* Build configuration list for PBXProject "sesacBaemin01" */;
			compatibilityVersion = "Xcode 13.0";
			developmentRegion = en;
			hasScannedForEncodings = 0;
			knownRegions = (
				en,
				Base,
			);
			mainGroup = 35BEDD832874055B00EF4334;
			productRefGroup = 35BEDD8D2874055B00EF4334 /* Products */;
			projectDirPath = "";
			projectRoot = "";
			targets = (
				35BEDD8B2874055B00EF4334 /* sesacBaemin01 */,
			);
		};
/* End PBXProject section */

/* Begin PBXResourcesBuildPhase section */
		35BEDD8A2874055B00EF4334 /* Resources */ = {
			isa = PBXResourcesBuildPhase;
			buildActionMask = 2147483647;
			files = (
				35BEDD9C2874056000EF4334 /* LaunchScreen.storyboard in Resources */,
				35BEDD992874056000EF4334 /* Assets.xcassets in Resources */,
				35BEDD972874055B00EF4334 /* Main.storyboard in Resources */,
				35BEDDA8287406FD00EF4334 /* BMHANNAProOTF.otf in Resources */,
			);
			runOnlyForDeploymentPostprocessing = 0;
		};
/* End PBXResourcesBuildPhase section */

/* Begin PBXSourcesBuildPhase section */
		35BEDD882874055B00EF4334 /* Sources */ = {
			isa = PBXSourcesBuildPhase;
			buildActionMask = 2147483647;
			files = (
				35FF375C28746C9F00238889 /* baeminMain.swift in Sources */,
				35BEDD942874055B00EF4334 /* ViewController.swift in Sources */,
				35BEDD902874055B00EF4334 /* AppDelegate.swift in Sources */,
				35BEDD922874055B00EF4334 /* SceneDelegate.swift in Sources */,
				352ABAA3287816A2005EE074 /* kakaoUItestViewController.swift in Sources */,
			);
			runOnlyForDeploymentPostprocessing = 0;
		};
/* End PBXSourcesBuildPhase section */

/* Begin PBXVariantGroup section */
		35BEDD952874055B00EF4334 /* Main.storyboard */ = {
			isa = PBXVariantGroup;
			children = (
				35BEDD962874055B00EF4334 /* Base */,
			);
			name = Main.storyboard;
			sourceTree = "<group>";
		};
		35BEDD9A2874056000EF4334 /* LaunchScreen.storyboard */ = {
			isa = PBXVariantGroup;
			children = (
				35BEDD9B2874056000EF4334 /* Base */,
			);
			name = LaunchScreen.storyboard;
			sourceTree = "<group>";
		};
/* End PBXVariantGroup section */

/* Begin XCBuildConfiguration section */
		35BEDD9E2874056000EF4334 /* Debug */ = {
			isa = XCBuildConfiguration;
			buildSettings = {
				ALWAYS_SEARCH_USER_PATHS = NO;
				CLANG_ANALYZER_NONNULL = YES;
				CLANG_ANALYZER_NUMBER_OBJECT_CONVERSION = YES_AGGRESSIVE;
				CLANG_CXX_LANGUAGE_STANDARD = "gnu++17";
				CLANG_ENABLE_MODULES = YES;
				CLANG_ENABLE_OBJC_ARC = YES;
				CLANG_ENABLE_OBJC_WEAK = YES;
				CLANG_WARN_BLOCK_CAPTURE_AUTORELEASING = YES;
				CLANG_WARN_BOOL_CONVERSION = YES;
				CLANG_WARN_COMMA = YES;
				CLANG_WARN_CONSTANT_CONVERSION = YES;
				CLANG_WARN_DEPRECATED_OBJC_IMPLEMENTATIONS = YES;
				CLANG_WARN_DIRECT_OBJC_ISA_USAGE = YES_ERROR;
				CLANG_WARN_DOCUMENTATION_COMMENTS = YES;
				CLANG_WARN_EMPTY_BODY = YES;
				CLANG_WARN_ENUM_CONVERSION = YES;
				CLANG_WARN_INFINITE_RECURSION = YES;
				CLANG_WARN_INT_CONVERSION = YES;
				CLANG_WARN_NON_LITERAL_NULL_CONVERSION = YES;
				CLANG_WARN_OBJC_IMPLICIT_RETAIN_SELF = YES;
				CLANG_WARN_OBJC_LITERAL_CONVERSION = YES;
				CLANG_WARN_OBJC_ROOT_CLASS = YES_ERROR;
				CLANG_WARN_QUOTED_INCLUDE_IN_FRAMEWORK_HEADER = YES;
				CLANG_WARN_RANGE_LOOP_ANALYSIS = YES;
				CLANG_WARN_STRICT_PROTOTYPES = YES;
				CLANG_WARN_SUSPICIOUS_MOVE = YES;
				CLANG_WARN_UNGUARDED_AVAILABILITY = YES_AGGRESSIVE;
				CLANG_WARN_UNREACHABLE_CODE = YES;
				CLANG_WARN__DUPLICATE_METHOD_MATCH = YES;
				COPY_PHASE_STRIP = NO;
				DEBUG_INFORMATION_FORMAT = dwarf;
				ENABLE_STRICT_OBJC_MSGSEND = YES;
				ENABLE_TESTABILITY = YES;
				GCC_C_LANGUAGE_STANDARD = gnu11;
				GCC_DYNAMIC_NO_PIC = NO;
				GCC_NO_COMMON_BLOCKS = YES;
				GCC_OPTIMIZATION_LEVEL = 0;
				GCC_PREPROCESSOR_DEFINITIONS = (
					"DEBUG=1",
					"$(inherited)",
				);
				GCC_WARN_64_TO_32_BIT_CONVERSION = YES;
				GCC_WARN_ABOUT_RETURN_TYPE = YES_ERROR;
				GCC_WARN_UNDECLARED_SELECTOR = YES;
				GCC_WARN_UNINITIALIZED_AUTOS = YES_AGGRESSIVE;
				GCC_WARN_UNUSED_FUNCTION = YES;
				GCC_WARN_UNUSED_VARIABLE = YES;
				IPHONEOS_DEPLOYMENT_TARGET = 15.5;
				MTL_ENABLE_DEBUG_INFO = INCLUDE_SOURCE;
				MTL_FAST_MATH = YES;
				ONLY_ACTIVE_ARCH = YES;
				SDKROOT = iphoneos;
				SWIFT_ACTIVE_COMPILATION_CONDITIONS = DEBUG;
				SWIFT_OPTIMIZATION_LEVEL = "-Onone";
			};
			name = Debug;
		};
		35BEDD9F2874056000EF4334 /* Release */ = {
			isa = XCBuildConfiguration;
			buildSettings = {
				ALWAYS_SEARCH_USER_PATHS = NO;
				CLANG_ANALYZER_NONNULL = YES;
				CLANG_ANALYZER_NUMBER_OBJECT_CONVERSION = YES_AGGRESSIVE;
				CLANG_CXX_LANGUAGE_STANDARD = "gnu++17";
				CLANG_ENABLE_MODULES = YES;
				CLANG_ENABLE_OBJC_ARC = YES;
				CLANG_ENABLE_OBJC_WEAK = YES;
				CLANG_WARN_BLOCK_CAPTURE_AUTORELEASING = YES;
				CLANG_WARN_BOOL_CONVERSION = YES;
				CLANG_WARN_COMMA = YES;
				CLANG_WARN_CONSTANT_CONVERSION = YES;
				CLANG_WARN_DEPRECATED_OBJC_IMPLEMENTATIONS = YES;
				CLANG_WARN_DIRECT_OBJC_ISA_USAGE = YES_ERROR;
				CLANG_WARN_DOCUMENTATION_COMMENTS = YES;
				CLANG_WARN_EMPTY_BODY = YES;
				CLANG_WARN_ENUM_CONVERSION = YES;
				CLANG_WARN_INFINITE_RECURSION = YES;
				CLANG_WARN_INT_CONVERSION = YES;
				CLANG_WARN_NON_LITERAL_NULL_CONVERSION = YES;
				CLANG_WARN_OBJC_IMPLICIT_RETAIN_SELF = YES;
				CLANG_WARN_OBJC_LITERAL_CONVERSION = YES;
				CLANG_WARN_OBJC_ROOT_CLASS = YES_ERROR;
				CLANG_WARN_QUOTED_INCLUDE_IN_FRAMEWORK_HEADER = YES;
				CLANG_WARN_RANGE_LOOP_ANALYSIS = YES;
				CLANG_WARN_STRICT_PROTOTYPES = YES;
				CLANG_WARN_SUSPICIOUS_MOVE = YES;
				CLANG_WARN_UNGUARDED_AVAILABILITY = YES_AGGRESSIVE;
				CLANG_WARN_UNREACHABLE_CODE = YES;
				CLANG_WARN__DUPLICATE_METHOD_MATCH = YES;
				COPY_PHASE_STRIP = NO;
				DEBUG_INFORMATION_FORMAT = "dwarf-with-dsym";
				ENABLE_NS_ASSERTIONS = NO;
				ENABLE_STRICT_OBJC_MSGSEND = YES;
				GCC_C_LANGUAGE_STANDARD = gnu11;
				GCC_NO_COMMON_BLOCKS = YES;
				GCC_WARN_64_TO_32_BIT_CONVERSION = YES;
				GCC_WARN_ABOUT_RETURN_TYPE = YES_ERROR;
				GCC_WARN_UNDECLARED_SELECTOR = YES;
				GCC_WARN_UNINITIALIZED_AUTOS = YES_AGGRESSIVE;
				GCC_WARN_UNUSED_FUNCTION = YES;
				GCC_WARN_UNUSED_VARIABLE = YES;
				IPHONEOS_DEPLOYMENT_TARGET = 15.5;
				MTL_ENABLE_DEBUG_INFO = NO;
				MTL_FAST_MATH = YES;
				SDKROOT = iphoneos;
				SWIFT_COMPILATION_MODE = wholemodule;
				SWIFT_OPTIMIZATION_LEVEL = "-O";
				VALIDATE_PRODUCT = YES;
			};
			name = Release;
		};
		35BEDDA12874056000EF4334 /* Debug */ = {
			isa = XCBuildConfiguration;
			buildSettings = {
				ASSETCATALOG_COMPILER_APPICON_NAME = AppIcon;
				ASSETCATALOG_COMPILER_GLOBAL_ACCENT_COLOR_NAME = AccentColor;
				CODE_SIGN_STYLE = Automatic;
				CURRENT_PROJECT_VERSION = 1;
				GENERATE_INFOPLIST_FILE = YES;
				INFOPLIST_FILE = sesacBaemin01/Info.plist;
				INFOPLIST_KEY_UIApplicationSupportsIndirectInputEvents = YES;
				INFOPLIST_KEY_UILaunchStoryboardName = LaunchScreen;
				INFOPLIST_KEY_UIMainStoryboardFile = Main;
				INFOPLIST_KEY_UISupportedInterfaceOrientations_iPad = "UIInterfaceOrientationPortrait UIInterfaceOrientationPortraitUpsideDown UIInterfaceOrientationLandscapeLeft UIInterfaceOrientationLandscapeRight";
				INFOPLIST_KEY_UISupportedInterfaceOrientations_iPhone = "UIInterfaceOrientationPortrait UIInterfaceOrientationLandscapeLeft UIInterfaceOrientationLandscapeRight";
				IPHONEOS_DEPLOYMENT_TARGET = 15.0;
				LD_RUNPATH_SEARCH_PATHS = (
					"$(inherited)",
					"@executable_path/Frameworks",
				);
				MARKETING_VERSION = 1.0;
				PRODUCT_BUNDLE_IDENTIFIER = com.soul.sesacBaemin01;
				PRODUCT_NAME = "$(TARGET_NAME)";
				SWIFT_EMIT_LOC_STRINGS = YES;
				SWIFT_VERSION = 5.0;
				TARGETED_DEVICE_FAMILY = 1;
			};
			name = Debug;
		};
		35BEDDA22874056000EF4334 /* Release */ = {
			isa = XCBuildConfiguration;
			buildSettings = {
				ASSETCATALOG_COMPILER_APPICON_NAME = AppIcon;
				ASSETCATALOG_COMPILER_GLOBAL_ACCENT_COLOR_NAME = AccentColor;
				CODE_SIGN_STYLE = Automatic;
				CURRENT_PROJECT_VERSION = 1;
				GENERATE_INFOPLIST_FILE = YES;
				INFOPLIST_FILE = sesacBaemin01/Info.plist;
				INFOPLIST_KEY_UIApplicationSupportsIndirectInputEvents = YES;
				INFOPLIST_KEY_UILaunchStoryboardName = LaunchScreen;
				INFOPLIST_KEY_UIMainStoryboardFile = Main;
				INFOPLIST_KEY_UISupportedInterfaceOrientations_iPad = "UIInterfaceOrientationPortrait UIInterfaceOrientationPortraitUpsideDown UIInterfaceOrientationLandscapeLeft UIInterfaceOrientationLandscapeRight";
				INFOPLIST_KEY_UISupportedInterfaceOrientations_iPhone = "UIInterfaceOrientationPortrait UIInterfaceOrientationLandscapeLeft UIInterfaceOrientationLandscapeRight";
				IPHONEOS_DEPLOYMENT_TARGET = 15.0;
				LD_RUNPATH_SEARCH_PATHS = (
					"$(inherited)",
					"@executable_path/Frameworks",
				);
				MARKETING_VERSION = 1.0;
				PRODUCT_BUNDLE_IDENTIFIER = com.soul.sesacBaemin01;
				PRODUCT_NAME = "$(TARGET_NAME)";
				SWIFT_EMIT_LOC_STRINGS = YES;
				SWIFT_VERSION = 5.0;
				TARGETED_DEVICE_FAMILY = 1;
			};
			name = Release;
		};
/* End XCBuildConfiguration section */

/* Begin XCConfigurationList section */
		35BEDD872874055B00EF4334 /* Build configuration list for PBXProject "sesacBaemin01" */ = {
			isa = XCConfigurationList;
			buildConfigurations = (
				35BEDD9E2874056000EF4334 /* Debug */,
				35BEDD9F2874056000EF4334 /* Release */,
			);
			defaultConfigurationIsVisible = 0;
			defaultConfigurationName = Release;
		};
		35BEDDA02874056000EF4334 /* Build configuration list for PBXNativeTarget "sesacBaemin01" */ = {
			isa = XCConfigurationList;
			buildConfigurations = (
				35BEDDA12874056000EF4334 /* Debug */,
				35BEDDA22874056000EF4334 /* Release */,
			);
			defaultConfigurationIsVisible = 0;
			defaultConfigurationName = Release;
		};
/* End XCConfigurationList section */
	};
	rootObject = 35BEDD842874055B00EF4334 /* Project object */;
}
